// !$*UTF8*$!
{
	archiveVersion = 1;
	classes = {
	};
	objectVersion = 46;
	objects = {

/* Begin PBXBuildFile section */
		9546E4F61803027C00F94D0E /* Foundation.framework in Frameworks */ = {isa = PBXBuildFile; fileRef = 9546E4F51803027C00F94D0E /* Foundation.framework */; };
		9546E4F81803027C00F94D0E /* CoreGraphics.framework in Frameworks */ = {isa = PBXBuildFile; fileRef = 9546E4F71803027C00F94D0E /* CoreGraphics.framework */; };
		9546E4FA1803027C00F94D0E /* UIKit.framework in Frameworks */ = {isa = PBXBuildFile; fileRef = 9546E4F91803027C00F94D0E /* UIKit.framework */; };
		9546E5001803027C00F94D0E /* InfoPlist.strings in Resources */ = {isa = PBXBuildFile; fileRef = 9546E4FE1803027C00F94D0E /* InfoPlist.strings */; };
		9546E5091803027C00F94D0E /* Main.storyboard in Resources */ = {isa = PBXBuildFile; fileRef = 9546E5071803027C00F94D0E /* Main.storyboard */; };
		9546E5181803027C00F94D0E /* XCTest.framework in Frameworks */ = {isa = PBXBuildFile; fileRef = 9546E5171803027C00F94D0E /* XCTest.framework */; };
		9546E5191803027C00F94D0E /* Foundation.framework in Frameworks */ = {isa = PBXBuildFile; fileRef = 9546E4F51803027C00F94D0E /* Foundation.framework */; };
		9546E51A1803027C00F94D0E /* UIKit.framework in Frameworks */ = {isa = PBXBuildFile; fileRef = 9546E4F91803027C00F94D0E /* UIKit.framework */; };
		9546E5221803027C00F94D0E /* InfoPlist.strings in Resources */ = {isa = PBXBuildFile; fileRef = 9546E5201803027C00F94D0E /* InfoPlist.strings */; };
		9546E5241803027C00F94D0E /* JOCTests.m in Sources */ = {isa = PBXBuildFile; fileRef = 9546E5231803027C00F94D0E /* JOCTests.m */; };
		9546E535180418B500F94D0E /* Images.xcassets in Resources */ = {isa = PBXBuildFile; fileRef = 9546E534180418B500F94D0E /* Images.xcassets */; };
		9584251B1869B73F00F4C269 /* ProgramViewController.h in Sources */ = {isa = PBXBuildFile; fileRef = 9546E50D1803027C00F94D0E /* ProgramViewController.h */; };
		9584251C1869B73F00F4C269 /* ProgramViewController.m in Sources */ = {isa = PBXBuildFile; fileRef = 9546E50E1803027C00F94D0E /* ProgramViewController.m */; };
		9584251D1869B73F00F4C269 /* NewsViewController.h in Sources */ = {isa = PBXBuildFile; fileRef = 9546E53618042DA300F94D0E /* NewsViewController.h */; };
		9584251E1869B73F00F4C269 /* NewsViewController.m in Sources */ = {isa = PBXBuildFile; fileRef = 9546E53718042DA300F94D0E /* NewsViewController.m */; };
		9584251F1869B73F00F4C269 /* BaseViewController.h in Sources */ = {isa = PBXBuildFile; fileRef = 9546E53A18057ADC00F94D0E /* BaseViewController.h */; };
		958425201869B73F00F4C269 /* BaseViewController.m in Sources */ = {isa = PBXBuildFile; fileRef = 9546E53B18057ADC00F94D0E /* BaseViewController.m */; };
		958425211869B73F00F4C269 /* DirectionsViewController.h in Sources */ = {isa = PBXBuildFile; fileRef = 95157C7E18057E6500525CE3 /* DirectionsViewController.h */; };
		958425221869B73F00F4C269 /* DirectionsViewController.m in Sources */ = {isa = PBXBuildFile; fileRef = 95157C7F18057E6500525CE3 /* DirectionsViewController.m */; };
		958425231869B73F00F4C269 /* InfoViewController.h in Sources */ = {isa = PBXBuildFile; fileRef = 95157C8118057E8700525CE3 /* InfoViewController.h */; };
		958425241869B73F00F4C269 /* VenueViewController.h in Sources */ = {isa = PBXBuildFile; fileRef = 958425111868991700F4C269 /* VenueViewController.h */; };
		958425251869B73F00F4C269 /* VenueViewController.m in Sources */ = {isa = PBXBuildFile; fileRef = 958425121868991700F4C269 /* VenueViewController.m */; };
		958425261869B73F00F4C269 /* InfoViewController.m in Sources */ = {isa = PBXBuildFile; fileRef = 95157C8218057E8700525CE3 /* InfoViewController.m */; };
		958425271869B73F00F4C269 /* MapNavigationController.h in Sources */ = {isa = PBXBuildFile; fileRef = 9584250E18688E5F00F4C269 /* MapNavigationController.h */; };
		958425281869B73F00F4C269 /* MapNavigationController.m in Sources */ = {isa = PBXBuildFile; fileRef = 9584250F18688E5F00F4C269 /* MapNavigationController.m */; };
		958425291869B74A00F4C269 /* AppDelegate.h in Sources */ = {isa = PBXBuildFile; fileRef = 9546E5041803027C00F94D0E /* AppDelegate.h */; };
		9584252A1869B74A00F4C269 /* AppDelegate.m in Sources */ = {isa = PBXBuildFile; fileRef = 9546E5051803027C00F94D0E /* AppDelegate.m */; };
		9584252B1869B75100F4C269 /* main.m in Sources */ = {isa = PBXBuildFile; fileRef = 9546E5011803027C00F94D0E /* main.m */; };
/* End PBXBuildFile section */

/* Begin PBXContainerItemProxy section */
		9546E51B1803027C00F94D0E /* PBXContainerItemProxy */ = {
			isa = PBXContainerItemProxy;
			containerPortal = 9546E4EA1803027C00F94D0E /* Project object */;
			proxyType = 1;
			remoteGlobalIDString = 9546E4F11803027C00F94D0E;
			remoteInfo = JOC;
		};
/* End PBXContainerItemProxy section */

/* Begin PBXFileReference section */
		95157C7E18057E6500525CE3 /* DirectionsViewController.h */ = {isa = PBXFileReference; fileEncoding = 4; lastKnownFileType = sourcecode.c.h; path = DirectionsViewController.h; sourceTree = "<group>"; };
		95157C7F18057E6500525CE3 /* DirectionsViewController.m */ = {isa = PBXFileReference; fileEncoding = 4; lastKnownFileType = sourcecode.c.objc; path = DirectionsViewController.m; sourceTree = "<group>"; };
		95157C8118057E8700525CE3 /* InfoViewController.h */ = {isa = PBXFileReference; fileEncoding = 4; lastKnownFileType = sourcecode.c.h; path = InfoViewController.h; sourceTree = "<group>"; };
		95157C8218057E8700525CE3 /* InfoViewController.m */ = {isa = PBXFileReference; fileEncoding = 4; lastKnownFileType = sourcecode.c.objc; path = InfoViewController.m; sourceTree = "<group>"; };
		9546E4F21803027C00F94D0E /* JOC.app */ = {isa = PBXFileReference; explicitFileType = wrapper.application; includeInIndex = 0; path = JOC.app; sourceTree = BUILT_PRODUCTS_DIR; };
		9546E4F51803027C00F94D0E /* Foundation.framework */ = {isa = PBXFileReference; lastKnownFileType = wrapper.framework; name = Foundation.framework; path = System/Library/Frameworks/Foundation.framework; sourceTree = SDKROOT; };
		9546E4F71803027C00F94D0E /* CoreGraphics.framework */ = {isa = PBXFileReference; lastKnownFileType = wrapper.framework; name = CoreGraphics.framework; path = System/Library/Frameworks/CoreGraphics.framework; sourceTree = SDKROOT; };
		9546E4F91803027C00F94D0E /* UIKit.framework */ = {isa = PBXFileReference; lastKnownFileType = wrapper.framework; name = UIKit.framework; path = System/Library/Frameworks/UIKit.framework; sourceTree = SDKROOT; };
		9546E4FD1803027C00F94D0E /* JOC-Info.plist */ = {isa = PBXFileReference; lastKnownFileType = text.plist.xml; path = "JOC-Info.plist"; sourceTree = "<group>"; };
		9546E4FF1803027C00F94D0E /* en */ = {isa = PBXFileReference; lastKnownFileType = text.plist.strings; name = en; path = en.lproj/InfoPlist.strings; sourceTree = "<group>"; };
		9546E5011803027C00F94D0E /* main.m */ = {isa = PBXFileReference; lastKnownFileType = sourcecode.c.objc; path = main.m; sourceTree = "<group>"; };
		9546E5031803027C00F94D0E /* JOC-Prefix.pch */ = {isa = PBXFileReference; lastKnownFileType = sourcecode.c.h; path = "JOC-Prefix.pch"; sourceTree = "<group>"; };
		9546E5041803027C00F94D0E /* AppDelegate.h */ = {isa = PBXFileReference; lastKnownFileType = sourcecode.c.h; path = AppDelegate.h; sourceTree = "<group>"; };
		9546E5051803027C00F94D0E /* AppDelegate.m */ = {isa = PBXFileReference; lastKnownFileType = sourcecode.c.objc; path = AppDelegate.m; sourceTree = "<group>"; };
		9546E5081803027C00F94D0E /* Base */ = {isa = PBXFileReference; lastKnownFileType = file.storyboard; name = Base; path = Base.lproj/Main.storyboard; sourceTree = "<group>"; };
		9546E50D1803027C00F94D0E /* ProgramViewController.h */ = {isa = PBXFileReference; lastKnownFileType = sourcecode.c.h; name = ProgramViewController.h; path = ../ProgramViewController.h; sourceTree = "<group>"; };
		9546E50E1803027C00F94D0E /* ProgramViewController.m */ = {isa = PBXFileReference; lastKnownFileType = sourcecode.c.objc; name = ProgramViewController.m; path = ../ProgramViewController.m; sourceTree = "<group>"; };
		9546E5161803027C00F94D0E /* JOCTests.xctest */ = {isa = PBXFileReference; explicitFileType = wrapper.cfbundle; includeInIndex = 0; path = JOCTests.xctest; sourceTree = BUILT_PRODUCTS_DIR; };
		9546E5171803027C00F94D0E /* XCTest.framework */ = {isa = PBXFileReference; lastKnownFileType = wrapper.framework; name = XCTest.framework; path = Library/Frameworks/XCTest.framework; sourceTree = DEVELOPER_DIR; };
		9546E51F1803027C00F94D0E /* JOCTests-Info.plist */ = {isa = PBXFileReference; lastKnownFileType = text.plist.xml; path = "JOCTests-Info.plist"; sourceTree = "<group>"; };
		9546E5211803027C00F94D0E /* en */ = {isa = PBXFileReference; lastKnownFileType = text.plist.strings; name = en; path = en.lproj/InfoPlist.strings; sourceTree = "<group>"; };
		9546E5231803027C00F94D0E /* JOCTests.m */ = {isa = PBXFileReference; lastKnownFileType = sourcecode.c.objc; path = JOCTests.m; sourceTree = "<group>"; };
		9546E534180418B500F94D0E /* Images.xcassets */ = {isa = PBXFileReference; lastKnownFileType = folder.assetcatalog; path = Images.xcassets; sourceTree = "<group>"; };
		9546E53618042DA300F94D0E /* NewsViewController.h */ = {isa = PBXFileReference; fileEncoding = 4; lastKnownFileType = sourcecode.c.h; name = NewsViewController.h; path = ../NewsViewController.h; sourceTree = "<group>"; };
		9546E53718042DA300F94D0E /* NewsViewController.m */ = {isa = PBXFileReference; fileEncoding = 4; lastKnownFileType = sourcecode.c.objc; name = NewsViewController.m; path = ../NewsViewController.m; sourceTree = "<group>"; };
		9546E53A18057ADC00F94D0E /* BaseViewController.h */ = {isa = PBXFileReference; fileEncoding = 4; lastKnownFileType = sourcecode.c.h; path = BaseViewController.h; sourceTree = "<group>"; };
		9546E53B18057ADC00F94D0E /* BaseViewController.m */ = {isa = PBXFileReference; fileEncoding = 4; lastKnownFileType = sourcecode.c.objc; path = BaseViewController.m; sourceTree = "<group>"; };
		9584250E18688E5F00F4C269 /* MapNavigationController.h */ = {isa = PBXFileReference; fileEncoding = 4; lastKnownFileType = sourcecode.c.h; path = MapNavigationController.h; sourceTree = "<group>"; };
		9584250F18688E5F00F4C269 /* MapNavigationController.m */ = {isa = PBXFileReference; fileEncoding = 4; lastKnownFileType = sourcecode.c.objc; path = MapNavigationController.m; sourceTree = "<group>"; };
		958425111868991700F4C269 /* VenueViewController.h */ = {isa = PBXFileReference; fileEncoding = 4; lastKnownFileType = sourcecode.c.h; path = VenueViewController.h; sourceTree = "<group>"; };
		958425121868991700F4C269 /* VenueViewController.m */ = {isa = PBXFileReference; fileEncoding = 4; lastKnownFileType = sourcecode.c.objc; path = VenueViewController.m; sourceTree = "<group>"; };
/* End PBXFileReference section */

/* Begin PBXFrameworksBuildPhase section */
		9546E4EF1803027C00F94D0E /* Frameworks */ = {
			isa = PBXFrameworksBuildPhase;
			buildActionMask = 2147483647;
			files = (
				9546E4F81803027C00F94D0E /* CoreGraphics.framework in Frameworks */,
				9546E4FA1803027C00F94D0E /* UIKit.framework in Frameworks */,
				9546E4F61803027C00F94D0E /* Foundation.framework in Frameworks */,
			);
			runOnlyForDeploymentPostprocessing = 0;
		};
		9546E5131803027C00F94D0E /* Frameworks */ = {
			isa = PBXFrameworksBuildPhase;
			buildActionMask = 2147483647;
			files = (
				9546E5181803027C00F94D0E /* XCTest.framework in Frameworks */,
				9546E51A1803027C00F94D0E /* UIKit.framework in Frameworks */,
				9546E5191803027C00F94D0E /* Foundation.framework in Frameworks */,
			);
			runOnlyForDeploymentPostprocessing = 0;
		};
/* End PBXFrameworksBuildPhase section */

/* Begin PBXGroup section */
		9546E4E91803027C00F94D0E = {
			isa = PBXGroup;
			children = (
				9546E4FB1803027C00F94D0E /* JOC */,
				9546E51D1803027C00F94D0E /* JOCTests */,
				9546E4F41803027C00F94D0E /* Frameworks */,
				9546E4F31803027C00F94D0E /* Products */,
			);
			sourceTree = "<group>";
		};
		9546E4F31803027C00F94D0E /* Products */ = {
			isa = PBXGroup;
			children = (
				9546E4F21803027C00F94D0E /* JOC.app */,
				9546E5161803027C00F94D0E /* JOCTests.xctest */,
			);
			name = Products;
			sourceTree = "<group>";
		};
		9546E4F41803027C00F94D0E /* Frameworks */ = {
			isa = PBXGroup;
			children = (
				9546E4F51803027C00F94D0E /* Foundation.framework */,
				9546E4F71803027C00F94D0E /* CoreGraphics.framework */,
				9546E4F91803027C00F94D0E /* UIKit.framework */,
				9546E5171803027C00F94D0E /* XCTest.framework */,
			);
			name = Frameworks;
			sourceTree = "<group>";
		};
		9546E4FB1803027C00F94D0E /* JOC */ = {
			isa = PBXGroup;
			children = (
				9546E53918057A2D00F94D0E /* ViewControllers */,
				9546E534180418B500F94D0E /* Images.xcassets */,
				9546E5041803027C00F94D0E /* AppDelegate.h */,
				9546E5051803027C00F94D0E /* AppDelegate.m */,
				9546E5071803027C00F94D0E /* Main.storyboard */,
				9546E4FC1803027C00F94D0E /* Supporting Files */,
			);
			path = JOC;
			sourceTree = "<group>";
		};
		9546E4FC1803027C00F94D0E /* Supporting Files */ = {
			isa = PBXGroup;
			children = (
				9546E4FD1803027C00F94D0E /* JOC-Info.plist */,
				9546E4FE1803027C00F94D0E /* InfoPlist.strings */,
				9546E5011803027C00F94D0E /* main.m */,
				9546E5031803027C00F94D0E /* JOC-Prefix.pch */,
			);
			name = "Supporting Files";
			sourceTree = "<group>";
		};
		9546E51D1803027C00F94D0E /* JOCTests */ = {
			isa = PBXGroup;
			children = (
				9546E5231803027C00F94D0E /* JOCTests.m */,
				9546E51E1803027C00F94D0E /* Supporting Files */,
			);
			path = JOCTests;
			sourceTree = "<group>";
		};
		9546E51E1803027C00F94D0E /* Supporting Files */ = {
			isa = PBXGroup;
			children = (
				9546E51F1803027C00F94D0E /* JOCTests-Info.plist */,
				9546E5201803027C00F94D0E /* InfoPlist.strings */,
			);
			name = "Supporting Files";
			sourceTree = "<group>";
		};
		9546E53918057A2D00F94D0E /* ViewControllers */ = {
			isa = PBXGroup;
			children = (
				9546E50D1803027C00F94D0E /* ProgramViewController.h */,
				9546E50E1803027C00F94D0E /* ProgramViewController.m */,
				9546E53618042DA300F94D0E /* NewsViewController.h */,
				9546E53718042DA300F94D0E /* NewsViewController.m */,
				9546E53A18057ADC00F94D0E /* BaseViewController.h */,
				9546E53B18057ADC00F94D0E /* BaseViewController.m */,
				95157C7E18057E6500525CE3 /* DirectionsViewController.h */,
				95157C7F18057E6500525CE3 /* DirectionsViewController.m */,
				95157C8118057E8700525CE3 /* InfoViewController.h */,
				958425111868991700F4C269 /* VenueViewController.h */,
				958425121868991700F4C269 /* VenueViewController.m */,
				95157C8218057E8700525CE3 /* InfoViewController.m */,
				9584250E18688E5F00F4C269 /* MapNavigationController.h */,
				9584250F18688E5F00F4C269 /* MapNavigationController.m */,
			);
			path = ViewControllers;
			sourceTree = "<group>";
		};
/* End PBXGroup section */

/* Begin PBXNativeTarget section */
		9546E4F11803027C00F94D0E /* JOC */ = {
			isa = PBXNativeTarget;
			buildConfigurationList = 9546E5271803027C00F94D0E /* Build configuration list for PBXNativeTarget "JOC" */;
			buildPhases = (
				9546E4EE1803027C00F94D0E /* Sources */,
				9546E4EF1803027C00F94D0E /* Frameworks */,
				9546E4F01803027C00F94D0E /* Resources */,
			);
			buildRules = (
			);
			dependencies = (
			);
			name = JOC;
			productName = JOC;
			productReference = 9546E4F21803027C00F94D0E /* JOC.app */;
			productType = "com.apple.product-type.application";
		};
		9546E5151803027C00F94D0E /* JOCTests */ = {
			isa = PBXNativeTarget;
			buildConfigurationList = 9546E52A1803027C00F94D0E /* Build configuration list for PBXNativeTarget "JOCTests" */;
			buildPhases = (
				9546E5121803027C00F94D0E /* Sources */,
				9546E5131803027C00F94D0E /* Frameworks */,
				9546E5141803027C00F94D0E /* Resources */,
			);
			buildRules = (
			);
			dependencies = (
				9546E51C1803027C00F94D0E /* PBXTargetDependency */,
			);
			name = JOCTests;
			productName = JOCTests;
			productReference = 9546E5161803027C00F94D0E /* JOCTests.xctest */;
			productType = "com.apple.product-type.bundle.unit-test";
		};
/* End PBXNativeTarget section */

/* Begin PBXProject section */
		9546E4EA1803027C00F94D0E /* Project object */ = {
			isa = PBXProject;
			attributes = {
				LastUpgradeCheck = 0500;
				ORGANIZATIONNAME = "Anna Gos";
				TargetAttributes = {
					9546E5151803027C00F94D0E = {
						TestTargetID = 9546E4F11803027C00F94D0E;
					};
				};
			};
			buildConfigurationList = 9546E4ED1803027C00F94D0E /* Build configuration list for PBXProject "JOC" */;
			compatibilityVersion = "Xcode 3.2";
			developmentRegion = English;
			hasScannedForEncodings = 0;
			knownRegions = (
				en,
				Base,
			);
			mainGroup = 9546E4E91803027C00F94D0E;
			productRefGroup = 9546E4F31803027C00F94D0E /* Products */;
			projectDirPath = "";
			projectRoot = "";
			targets = (
				9546E4F11803027C00F94D0E /* JOC */,
				9546E5151803027C00F94D0E /* JOCTests */,
			);
		};
/* End PBXProject section */

/* Begin PBXResourcesBuildPhase section */
		9546E4F01803027C00F94D0E /* Resources */ = {
			isa = PBXResourcesBuildPhase;
			buildActionMask = 2147483647;
			files = (
				9546E535180418B500F94D0E /* Images.xcassets in Resources */,
				9546E5001803027C00F94D0E /* InfoPlist.strings in Resources */,
				9546E5091803027C00F94D0E /* Main.storyboard in Resources */,
			);
			runOnlyForDeploymentPostprocessing = 0;
		};
		9546E5141803027C00F94D0E /* Resources */ = {
			isa = PBXResourcesBuildPhase;
			buildActionMask = 2147483647;
			files = (
				9546E5221803027C00F94D0E /* InfoPlist.strings in Resources */,
			);
			runOnlyForDeploymentPostprocessing = 0;
		};
/* End PBXResourcesBuildPhase section */

/* Begin PBXSourcesBuildPhase section */
		9546E4EE1803027C00F94D0E /* Sources */ = {
			isa = PBXSourcesBuildPhase;
			buildActionMask = 2147483647;
			files = (
				9584252B1869B75100F4C269 /* main.m in Sources */,
				958425291869B74A00F4C269 /* AppDelegate.h in Sources */,
				9584252A1869B74A00F4C269 /* AppDelegate.m in Sources */,
				9584251B1869B73F00F4C269 /* ProgramViewController.h in Sources */,
				9584251C1869B73F00F4C269 /* ProgramViewController.m in Sources */,
				9584251D1869B73F00F4C269 /* NewsViewController.h in Sources */,
				9584251E1869B73F00F4C269 /* NewsViewController.m in Sources */,
				9584251F1869B73F00F4C269 /* BaseViewController.h in Sources */,
				958425201869B73F00F4C269 /* BaseViewController.m in Sources */,
				958425211869B73F00F4C269 /* DirectionsViewController.h in Sources */,
				958425221869B73F00F4C269 /* DirectionsViewController.m in Sources */,
				958425231869B73F00F4C269 /* InfoViewController.h in Sources */,
				958425241869B73F00F4C269 /* VenueViewController.h in Sources */,
				958425251869B73F00F4C269 /* VenueViewController.m in Sources */,
				958425261869B73F00F4C269 /* InfoViewController.m in Sources */,
				958425271869B73F00F4C269 /* MapNavigationController.h in Sources */,
				958425281869B73F00F4C269 /* MapNavigationController.m in Sources */,
			);
			runOnlyForDeploymentPostprocessing = 0;
		};
		9546E5121803027C00F94D0E /* Sources */ = {
			isa = PBXSourcesBuildPhase;
			buildActionMask = 2147483647;
			files = (
				9546E5241803027C00F94D0E /* JOCTests.m in Sources */,
			);
			runOnlyForDeploymentPostprocessing = 0;
		};
/* End PBXSourcesBuildPhase section */

/* Begin PBXTargetDependency section */
		9546E51C1803027C00F94D0E /* PBXTargetDependency */ = {
			isa = PBXTargetDependency;
			target = 9546E4F11803027C00F94D0E /* JOC */;
			targetProxy = 9546E51B1803027C00F94D0E /* PBXContainerItemProxy */;
		};
/* End PBXTargetDependency section */

/* Begin PBXVariantGroup section */
		9546E4FE1803027C00F94D0E /* InfoPlist.strings */ = {
			isa = PBXVariantGroup;
			children = (
				9546E4FF1803027C00F94D0E /* en */,
			);
			name = InfoPlist.strings;
			sourceTree = "<group>";
		};
		9546E5071803027C00F94D0E /* Main.storyboard */ = {
			isa = PBXVariantGroup;
			children = (
				9546E5081803027C00F94D0E /* Base */,
			);
			name = Main.storyboard;
			sourceTree = "<group>";
		};
		9546E5201803027C00F94D0E /* InfoPlist.strings */ = {
			isa = PBXVariantGroup;
			children = (
				9546E5211803027C00F94D0E /* en */,
			);
			name = InfoPlist.strings;
			sourceTree = "<group>";
		};
/* End PBXVariantGroup section */

/* Begin XCBuildConfiguration section */
		9546E5251803027C00F94D0E /* Debug */ = {
			isa = XCBuildConfiguration;
			buildSettings = {
				ALWAYS_SEARCH_USER_PATHS = NO;
				ARCHS = "$(ARCHS_STANDARD_INCLUDING_64_BIT)";
				CLANG_CXX_LANGUAGE_STANDARD = "gnu++0x";
				CLANG_CXX_LIBRARY = "libc++";
				CLANG_ENABLE_MODULES = YES;
				CLANG_ENABLE_OBJC_ARC = YES;
				CLANG_WARN_BOOL_CONVERSION = YES;
				CLANG_WARN_CONSTANT_CONVERSION = YES;
				CLANG_WARN_DIRECT_OBJC_ISA_USAGE = YES_ERROR;
				CLANG_WARN_EMPTY_BODY = YES;
				CLANG_WARN_ENUM_CONVERSION = YES;
				CLANG_WARN_INT_CONVERSION = YES;
				CLANG_WARN_OBJC_ROOT_CLASS = YES_ERROR;
				CLANG_WARN__DUPLICATE_METHOD_MATCH = YES;
				"CODE_SIGN_IDENTITY[sdk=iphoneos*]" = "iPhone Developer";
				COPY_PHASE_STRIP = NO;
				GCC_C_LANGUAGE_STANDARD = gnu99;
				GCC_DYNAMIC_NO_PIC = NO;
				GCC_OPTIMIZATION_LEVEL = 0;
				GCC_PREPROCESSOR_DEFINITIONS = (
					"DEBUG=1",
					"$(inherited)",
				);
				GCC_SYMBOLS_PRIVATE_EXTERN = NO;
				GCC_WARN_64_TO_32_BIT_CONVERSION = YES;
				GCC_WARN_ABOUT_RETURN_TYPE = YES_ERROR;
				GCC_WARN_UNDECLARED_SELECTOR = YES;
				GCC_WARN_UNINITIALIZED_AUTOS = YES;
				GCC_WARN_UNUSED_FUNCTION = YES;
				GCC_WARN_UNUSED_VARIABLE = YES;
				IPHONEOS_DEPLOYMENT_TARGET = 7.0;
				ONLY_ACTIVE_ARCH = YES;
				SDKROOT = iphoneos;
			};
			name = Debug;
		};
		9546E5261803027C00F94D0E /* Release */ = {
			isa = XCBuildConfiguration;
			buildSettings = {
				ALWAYS_SEARCH_USER_PATHS = NO;
				ARCHS = "$(ARCHS_STANDARD_INCLUDING_64_BIT)";
				CLANG_CXX_LANGUAGE_STANDARD = "gnu++0x";
				CLANG_CXX_LIBRARY = "libc++";
				CLANG_ENABLE_MODULES = YES;
				CLANG_ENABLE_OBJC_ARC = YES;
				CLANG_WARN_BOOL_CONVERSION = YES;
				CLANG_WARN_CONSTANT_CONVERSION = YES;
				CLANG_WARN_DIRECT_OBJC_ISA_USAGE = YES_ERROR;
				CLANG_WARN_EMPTY_BODY = YES;
				CLANG_WARN_ENUM_CONVERSION = YES;
				CLANG_WARN_INT_CONVERSION = YES;
				CLANG_WARN_OBJC_ROOT_CLASS = YES_ERROR;
				CLANG_WARN__DUPLICATE_METHOD_MATCH = YES;
				"CODE_SIGN_IDENTITY[sdk=iphoneos*]" = "iPhone Developer";
				COPY_PHASE_STRIP = YES;
				ENABLE_NS_ASSERTIONS = NO;
				GCC_C_LANGUAGE_STANDARD = gnu99;
				GCC_WARN_64_TO_32_BIT_CONVERSION = YES;
				GCC_WARN_ABOUT_RETURN_TYPE = YES_ERROR;
				GCC_WARN_UNDECLARED_SELECTOR = YES;
				GCC_WARN_UNINITIALIZED_AUTOS = YES;
				GCC_WARN_UNUSED_FUNCTION = YES;
				GCC_WARN_UNUSED_VARIABLE = YES;
				IPHONEOS_DEPLOYMENT_TARGET = 7.0;
				SDKROOT = iphoneos;
				VALIDATE_PRODUCT = YES;
			};
			name = Release;
		};
		9546E5281803027C00F94D0E /* Debug */ = {
			isa = XCBuildConfiguration;
			buildSettings = {
				ASSETCATALOG_COMPILER_APPICON_NAME = AppIcon;
				ASSETCATALOG_COMPILER_LAUNCHIMAGE_NAME = LaunchImage;
				GCC_PRECOMPILE_PREFIX_HEADER = YES;
				GCC_PREFIX_HEADER = "JOC/JOC-Prefix.pch";
				INFOPLIST_FILE = "JOC/JOC-Info.plist";
				IPHONEOS_DEPLOYMENT_TARGET = 7.0;
				PRODUCT_NAME = "$(TARGET_NAME)";
				TARGETED_DEVICE_FAMILY = 1;
				WRAPPER_EXTENSION = app;
			};
			name = Debug;
		};
		9546E5291803027C00F94D0E /* Release */ = {
			isa = XCBuildConfiguration;
			buildSettings = {
				ASSETCATALOG_COMPILER_APPICON_NAME = AppIcon;
				ASSETCATALOG_COMPILER_LAUNCHIMAGE_NAME = LaunchImage;
				GCC_PRECOMPILE_PREFIX_HEADER = YES;
				GCC_PREFIX_HEADER = "JOC/JOC-Prefix.pch";
				INFOPLIST_FILE = "JOC/JOC-Info.plist";
				IPHONEOS_DEPLOYMENT_TARGET = 7.0;
				PRODUCT_NAME = "$(TARGET_NAME)";
				TARGETED_DEVICE_FAMILY = 1;
				WRAPPER_EXTENSION = app;
			};
			name = Release;
		};
		9546E52B1803027C00F94D0E /* Debug */ = {
			isa = XCBuildConfiguration;
			buildSettings = {
				ARCHS = "$(ARCHS_STANDARD_INCLUDING_64_BIT)";
				BUNDLE_LOADER = "$(BUILT_PRODUCTS_DIR)/JOC.app/JOC";
				FRAMEWORK_SEARCH_PATHS = (
					"$(SDKROOT)/Developer/Library/Frameworks",
					"$(inherited)",
					"$(DEVELOPER_FRAMEWORKS_DIR)",
				);
				GCC_PRECOMPILE_PREFIX_HEADER = YES;
				GCC_PREFIX_HEADER = "JOC/JOC-Prefix.pch";
				GCC_PREPROCESSOR_DEFINITIONS = (
					"DEBUG=1",
					"$(inherited)",
				);
				INFOPLIST_FILE = "JOCTests/JOCTests-Info.plist";
				PRODUCT_NAME = "$(TARGET_NAME)";
				TEST_HOST = "$(BUNDLE_LOADER)";
				WRAPPER_EXTENSION = xctest;
			};
			name = Debug;
		};
		9546E52C1803027C00F94D0E /* Release */ = {
			isa = XCBuildConfiguration;
			buildSettings = {
				ARCHS = "$(ARCHS_STANDARD_INCLUDING_64_BIT)";
				BUNDLE_LOADER = "$(BUILT_PRODUCTS_DIR)/JOC.app/JOC";
				FRAMEWORK_SEARCH_PATHS = (
					"$(SDKROOT)/Developer/Library/Frameworks",
					"$(inherited)",
					"$(DEVELOPER_FRAMEWORKS_DIR)",
				);
				GCC_PRECOMPILE_PREFIX_HEADER = YES;
				GCC_PREFIX_HEADER = "JOC/JOC-Prefix.pch";
				INFOPLIST_FILE = "JOCTests/JOCTests-Info.plist";
				PRODUCT_NAME = "$(TARGET_NAME)";
				TEST_HOST = "$(BUNDLE_LOADER)";
				WRAPPER_EXTENSION = xctest;
			};
			name = Release;
		};
/* End XCBuildConfiguration section */

/* Begin XCConfigurationList section */
		9546E4ED1803027C00F94D0E /* Build configuration list for PBXProject "JOC" */ = {
			isa = XCConfigurationList;
			buildConfigurations = (
				9546E5251803027C00F94D0E /* Debug */,
				9546E5261803027C00F94D0E /* Release */,
			);
			defaultConfigurationIsVisible = 0;
			defaultConfigurationName = Release;
		};
		9546E5271803027C00F94D0E /* Build configuration list for PBXNativeTarget "JOC" */ = {
			isa = XCConfigurationList;
			buildConfigurations = (
				9546E5281803027C00F94D0E /* Debug */,
				9546E5291803027C00F94D0E /* Release */,
			);
			defaultConfigurationIsVisible = 0;
			defaultConfigurationName = Release;
		};
		9546E52A1803027C00F94D0E /* Build configuration list for PBXNativeTarget "JOCTests" */ = {
			isa = XCConfigurationList;
			buildConfigurations = (
				9546E52B1803027C00F94D0E /* Debug */,
				9546E52C1803027C00F94D0E /* Release */,
			);
			defaultConfigurationIsVisible = 0;
			defaultConfigurationName = Release;
		};
/* End XCConfigurationList section */
	};
	rootObject = 9546E4EA1803027C00F94D0E /* Project object */;
}
